
Microsoft Visual Studio Solution File, Format Version 12.00
# Visual Studio 15
VisualStudioVersion = 15.0.26430.16
MinimumVisualStudioVersion = 10.0.40219.1
Project("{FAE04EC0-301F-11D3-BF4B-00C04F79EFBC}") = "16_Directions Reduction", "16_Directions Reduction\16_Directions Reduction.csproj", "{082679A1-2F7B-4185-AD7E-8AA096490C1B}"
EndProject
Global
	GlobalSection(SolutionConfigurationPlatforms) = preSolution
		Debug|Any CPU = Debug|Any CPU
		Release|Any CPU = Release|Any CPU
	EndGlobalSection
	GlobalSection(ProjectConfigurationPlatforms) = postSolution
		{082679A1-2F7B-4185-AD7E-8AA096490C1B}.Debug|Any CPU.ActiveCfg = Debug|Any CPU
		{082679A1-2F7B-4185-AD7E-8AA096490C1B}.Debug|Any CPU.Build.0 = Debug|Any CPU
		{082679A1-2F7B-4185-AD7E-8AA096490C1B}.Release|Any CPU.ActiveCfg = Release|Any CPU
		{082679A1-2F7B-4185-AD7E-8AA096490C1B}.Release|Any CPU.Build.0 = Release|Any CPU
	EndGlobalSection
	GlobalSection(SolutionProperties) = preSolution
		HideSolutionNode = FALSE
	EndGlobalSection
EndGlobal
